// !$*UTF8*$!
{
	archiveVersion = 1;
	classes = {
	};
	objectVersion = 52;
	objects = {

/* Begin PBXBuildFile section */
		CF0293142705B35700A8C493 /* AppDelegate.swift in Sources */ = {isa = PBXBuildFile; fileRef = CF0293132705B35700A8C493 /* AppDelegate.swift */; };
		CF0293162705B35700A8C493 /* SceneDelegate.swift in Sources */ = {isa = PBXBuildFile; fileRef = CF0293152705B35700A8C493 /* SceneDelegate.swift */; };
		CF0293182705B35700A8C493 /* ViewController.swift in Sources */ = {isa = PBXBuildFile; fileRef = CF0293172705B35700A8C493 /* ViewController.swift */; };
		CF02931B2705B35700A8C493 /* Main.storyboard in Resources */ = {isa = PBXBuildFile; fileRef = CF0293192705B35700A8C493 /* Main.storyboard */; };
		CF02931D2705B35900A8C493 /* Assets.xcassets in Resources */ = {isa = PBXBuildFile; fileRef = CF02931C2705B35900A8C493 /* Assets.xcassets */; };
		CF0293202705B35900A8C493 /* LaunchScreen.storyboard in Resources */ = {isa = PBXBuildFile; fileRef = CF02931E2705B35900A8C493 /* LaunchScreen.storyboard */; };
		CF0293332707071200A8C493 /* UserLogInViewController.swift in Sources */ = {isa = PBXBuildFile; fileRef = CF0293322707071200A8C493 /* UserLogInViewController.swift */; };
		CF0293362707073500A8C493 /* UserSignUpViewController.swift in Sources */ = {isa = PBXBuildFile; fileRef = CF0293352707073500A8C493 /* UserSignUpViewController.swift */; };
		CF02933A270709EA00A8C493 /* UserLogIn.storyboard in Resources */ = {isa = PBXBuildFile; fileRef = CF029339270709EA00A8C493 /* UserLogIn.storyboard */; };
		CF02933D27070A2E00A8C493 /* UserSignUp.storyboard in Resources */ = {isa = PBXBuildFile; fileRef = CF02933C27070A2E00A8C493 /* UserSignUp.storyboard */; };
		CF029348270895A700A8C493 /* UserSignUpViewModel.swift in Sources */ = {isa = PBXBuildFile; fileRef = CF029347270895A700A8C493 /* UserSignUpViewModel.swift */; };
		CF02934D2708DA6E00A8C493 /* FirstViewController.swift in Sources */ = {isa = PBXBuildFile; fileRef = CF02934C2708DA6D00A8C493 /* FirstViewController.swift */; };
		CF0293502708DAB600A8C493 /* First.storyboard in Resources */ = {isa = PBXBuildFile; fileRef = CF02934F2708DAB600A8C493 /* First.storyboard */; };
		CF419D14271AFAEA00D6478D /* GoogleService-Info.plist in Resources */ = {isa = PBXBuildFile; fileRef = CF419D13271AFAEA00D6478D /* GoogleService-Info.plist */; };
		CF419D18271B35CC00D6478D /* FirebaseAnalytics in Frameworks */ = {isa = PBXBuildFile; productRef = CF419D17271B35CC00D6478D /* FirebaseAnalytics */; };
		CF8AD1082719DCF9009974CB /* Singleton.swift in Sources */ = {isa = PBXBuildFile; fileRef = CF8AD1072719DCF9009974CB /* Singleton.swift */; };
		CFF2ECEA2715E96B00D4A0DB /* UIColorExtension.swift in Sources */ = {isa = PBXBuildFile; fileRef = CFF2ECE92715E96B00D4A0DB /* UIColorExtension.swift */; };
/* End PBXBuildFile section */

/* Begin PBXFileReference section */
		CF0293102705B35700A8C493 /* ReviewBooks.app */ = {isa = PBXFileReference; explicitFileType = wrapper.application; includeInIndex = 0; path = ReviewBooks.app; sourceTree = BUILT_PRODUCTS_DIR; };
		CF0293132705B35700A8C493 /* AppDelegate.swift */ = {isa = PBXFileReference; lastKnownFileType = sourcecode.swift; path = AppDelegate.swift; sourceTree = "<group>"; };
		CF0293152705B35700A8C493 /* SceneDelegate.swift */ = {isa = PBXFileReference; lastKnownFileType = sourcecode.swift; path = SceneDelegate.swift; sourceTree = "<group>"; };
		CF0293172705B35700A8C493 /* ViewController.swift */ = {isa = PBXFileReference; lastKnownFileType = sourcecode.swift; path = ViewController.swift; sourceTree = "<group>"; };
		CF02931A2705B35700A8C493 /* Base */ = {isa = PBXFileReference; lastKnownFileType = file.storyboard; name = Base; path = Base.lproj/Main.storyboard; sourceTree = "<group>"; };
		CF02931C2705B35900A8C493 /* Assets.xcassets */ = {isa = PBXFileReference; lastKnownFileType = folder.assetcatalog; path = Assets.xcassets; sourceTree = "<group>"; };
		CF02931F2705B35900A8C493 /* Base */ = {isa = PBXFileReference; lastKnownFileType = file.storyboard; name = Base; path = Base.lproj/LaunchScreen.storyboard; sourceTree = "<group>"; };
		CF0293212705B35900A8C493 /* Info.plist */ = {isa = PBXFileReference; lastKnownFileType = text.plist.xml; path = Info.plist; sourceTree = "<group>"; };
		CF0293322707071200A8C493 /* UserLogInViewController.swift */ = {isa = PBXFileReference; lastKnownFileType = sourcecode.swift; path = UserLogInViewController.swift; sourceTree = "<group>"; };
		CF0293352707073500A8C493 /* UserSignUpViewController.swift */ = {isa = PBXFileReference; lastKnownFileType = sourcecode.swift; path = UserSignUpViewController.swift; sourceTree = "<group>"; };
		CF029339270709EA00A8C493 /* UserLogIn.storyboard */ = {isa = PBXFileReference; lastKnownFileType = file.storyboard; path = UserLogIn.storyboard; sourceTree = "<group>"; };
		CF02933C27070A2E00A8C493 /* UserSignUp.storyboard */ = {isa = PBXFileReference; lastKnownFileType = file.storyboard; path = UserSignUp.storyboard; sourceTree = "<group>"; };
		CF029347270895A700A8C493 /* UserSignUpViewModel.swift */ = {isa = PBXFileReference; lastKnownFileType = sourcecode.swift; path = UserSignUpViewModel.swift; sourceTree = "<group>"; };
		CF02934C2708DA6D00A8C493 /* FirstViewController.swift */ = {isa = PBXFileReference; lastKnownFileType = sourcecode.swift; path = FirstViewController.swift; sourceTree = "<group>"; };
		CF02934F2708DAB600A8C493 /* First.storyboard */ = {isa = PBXFileReference; lastKnownFileType = file.storyboard; path = First.storyboard; sourceTree = "<group>"; };
		CF419D13271AFAEA00D6478D /* GoogleService-Info.plist */ = {isa = PBXFileReference; fileEncoding = 4; lastKnownFileType = text.plist.xml; name = "GoogleService-Info.plist"; path = "../../../../Downloads/GoogleService-Info.plist"; sourceTree = "<group>"; };
		CF8AD1072719DCF9009974CB /* Singleton.swift */ = {isa = PBXFileReference; lastKnownFileType = sourcecode.swift; path = Singleton.swift; sourceTree = "<group>"; };
		CFF2ECE92715E96B00D4A0DB /* UIColorExtension.swift */ = {isa = PBXFileReference; lastKnownFileType = sourcecode.swift; path = UIColorExtension.swift; sourceTree = "<group>"; };
/* End PBXFileReference section */

/* Begin PBXFrameworksBuildPhase section */
		CF02930D2705B35700A8C493 /* Frameworks */ = {
			isa = PBXFrameworksBuildPhase;
			buildActionMask = 2147483647;
			files = (
				CF419D18271B35CC00D6478D /* FirebaseAnalytics in Frameworks */,
			);
			runOnlyForDeploymentPostprocessing = 0;
		};
/* End PBXFrameworksBuildPhase section */

/* Begin PBXGroup section */
		CF0293072705B35700A8C493 = {
			isa = PBXGroup;
			children = (
				CF0293122705B35700A8C493 /* ReviewBooks */,
				CF0293112705B35700A8C493 /* Products */,
			);
			sourceTree = "<group>";
		};
		CF0293112705B35700A8C493 /* Products */ = {
			isa = PBXGroup;
			children = (
				CF0293102705B35700A8C493 /* ReviewBooks.app */,
			);
			name = Products;
			sourceTree = "<group>";
		};
		CF0293122705B35700A8C493 /* ReviewBooks */ = {
			isa = PBXGroup;
			children = (
				CF0293282705B36C00A8C493 /* View */,
				CF02932A2705B38700A8C493 /* Viewmodel */,
				CF0293292705B37F00A8C493 /* Model */,
				CF0293382707074F00A8C493 /* AppDelegate */,
				CF0293172705B35700A8C493 /* ViewController.swift */,
				CF0293192705B35700A8C493 /* Main.storyboard */,
				CF02931C2705B35900A8C493 /* Assets.xcassets */,
				CF02931E2705B35900A8C493 /* LaunchScreen.storyboard */,
				CF0293212705B35900A8C493 /* Info.plist */,
				CF419D13271AFAEA00D6478D /* GoogleService-Info.plist */,
			);
			path = ReviewBooks;
			sourceTree = "<group>";
		};
		CF0293282705B36C00A8C493 /* View */ = {
			isa = PBXGroup;
			children = (
				CF02934B2708DA5200A8C493 /* FirstView */,
				CF02932C2707069A00A8C493 /* UserLogIn */,
				CF02932B2705B3BB00A8C493 /* UserSignIn */,
			);
			path = View;
			sourceTree = "<group>";
		};
		CF0293292705B37F00A8C493 /* Model */ = {
			isa = PBXGroup;
			children = (
				CFF2ECE92715E96B00D4A0DB /* UIColorExtension.swift */,
				CF8AD1072719DCF9009974CB /* Singleton.swift */,
			);
			path = Model;
			sourceTree = "<group>";
		};
		CF02932A2705B38700A8C493 /* Viewmodel */ = {
			isa = PBXGroup;
			children = (
				CF029346270894AA00A8C493 /* UserSignUpVM */,
				CF0293452708949700A8C493 /* UserLogInVM */,
			);
			path = Viewmodel;
			sourceTree = "<group>";
		};
		CF02932B2705B3BB00A8C493 /* UserSignIn */ = {
			isa = PBXGroup;
			children = (
				CF0293352707073500A8C493 /* UserSignUpViewController.swift */,
				CF02933C27070A2E00A8C493 /* UserSignUp.storyboard */,
			);
			path = UserSignIn;
			sourceTree = "<group>";
		};
		CF02932C2707069A00A8C493 /* UserLogIn */ = {
			isa = PBXGroup;
			children = (
				CF0293322707071200A8C493 /* UserLogInViewController.swift */,
				CF029339270709EA00A8C493 /* UserLogIn.storyboard */,
			);
			path = UserLogIn;
			sourceTree = "<group>";
		};
		CF0293382707074F00A8C493 /* AppDelegate */ = {
			isa = PBXGroup;
			children = (
				CF0293132705B35700A8C493 /* AppDelegate.swift */,
				CF0293152705B35700A8C493 /* SceneDelegate.swift */,
			);
			path = AppDelegate;
			sourceTree = "<group>";
		};
		CF0293452708949700A8C493 /* UserLogInVM */ = {
			isa = PBXGroup;
			children = (
			);
			path = UserLogInVM;
			sourceTree = "<group>";
		};
		CF029346270894AA00A8C493 /* UserSignUpVM */ = {
			isa = PBXGroup;
			children = (
				CF029347270895A700A8C493 /* UserSignUpViewModel.swift */,
			);
			path = UserSignUpVM;
			sourceTree = "<group>";
		};
		CF02934B2708DA5200A8C493 /* FirstView */ = {
			isa = PBXGroup;
			children = (
				CF02934C2708DA6D00A8C493 /* FirstViewController.swift */,
				CF02934F2708DAB600A8C493 /* First.storyboard */,
			);
			path = FirstView;
			sourceTree = "<group>";
		};
/* End PBXGroup section */

/* Begin PBXNativeTarget section */
		CF02930F2705B35700A8C493 /* ReviewBooks */ = {
			isa = PBXNativeTarget;
			buildConfigurationList = CF0293242705B35900A8C493 /* Build configuration list for PBXNativeTarget "ReviewBooks" */;
			buildPhases = (
				CF02930C2705B35700A8C493 /* Sources */,
				CF02930D2705B35700A8C493 /* Frameworks */,
				CF02930E2705B35700A8C493 /* Resources */,
			);
			buildRules = (
			);
			dependencies = (
			);
			name = ReviewBooks;
			packageProductDependencies = (
				CF419D17271B35CC00D6478D /* FirebaseAnalytics */,
			);
			productName = ReviewBooks;
			productReference = CF0293102705B35700A8C493 /* ReviewBooks.app */;
			productType = "com.apple.product-type.application";
		};
/* End PBXNativeTarget section */

/* Begin PBXProject section */
		CF0293082705B35700A8C493 /* Project object */ = {
			isa = PBXProject;
			attributes = {
				LastSwiftUpdateCheck = 1240;
				LastUpgradeCheck = 1240;
				TargetAttributes = {
					CF02930F2705B35700A8C493 = {
						CreatedOnToolsVersion = 12.4;
					};
				};
			};
			buildConfigurationList = CF02930B2705B35700A8C493 /* Build configuration list for PBXProject "ReviewBooks" */;
			compatibilityVersion = "Xcode 9.3";
			developmentRegion = en;
			hasScannedForEncodings = 0;
			knownRegions = (
				en,
				Base,
			);
			mainGroup = CF0293072705B35700A8C493;
			packageReferences = (
				CF419D16271B35CC00D6478D /* XCRemoteSwiftPackageReference "firebase-ios-sdk" */,
			);
			productRefGroup = CF0293112705B35700A8C493 /* Products */;
			projectDirPath = "";
			projectRoot = "";
			targets = (
				CF02930F2705B35700A8C493 /* ReviewBooks */,
			);
		};
/* End PBXProject section */

/* Begin PBXResourcesBuildPhase section */
		CF02930E2705B35700A8C493 /* Resources */ = {
			isa = PBXResourcesBuildPhase;
			buildActionMask = 2147483647;
			files = (
				CF0293202705B35900A8C493 /* LaunchScreen.storyboard in Resources */,
				CF02931D2705B35900A8C493 /* Assets.xcassets in Resources */,
				CF02933D27070A2E00A8C493 /* UserSignUp.storyboard in Resources */,
				CF0293502708DAB600A8C493 /* First.storyboard in Resources */,
				CF02931B2705B35700A8C493 /* Main.storyboard in Resources */,
				CF02933A270709EA00A8C493 /* UserLogIn.storyboard in Resources */,
				CF419D14271AFAEA00D6478D /* GoogleService-Info.plist in Resources */,
			);
			runOnlyForDeploymentPostprocessing = 0;
		};
/* End PBXResourcesBuildPhase section */

/* Begin PBXSourcesBuildPhase section */
		CF02930C2705B35700A8C493 /* Sources */ = {
			isa = PBXSourcesBuildPhase;
			buildActionMask = 2147483647;
			files = (
				CF0293182705B35700A8C493 /* ViewController.swift in Sources */,
				CF8AD1082719DCF9009974CB /* Singleton.swift in Sources */,
				CF0293362707073500A8C493 /* UserSignUpViewController.swift in Sources */,
				CF0293142705B35700A8C493 /* AppDelegate.swift in Sources */,
				CFF2ECEA2715E96B00D4A0DB /* UIColorExtension.swift in Sources */,
				CF029348270895A700A8C493 /* UserSignUpViewModel.swift in Sources */,
				CF0293162705B35700A8C493 /* SceneDelegate.swift in Sources */,
				CF02934D2708DA6E00A8C493 /* FirstViewController.swift in Sources */,
				CF0293332707071200A8C493 /* UserLogInViewController.swift in Sources */,
			);
			runOnlyForDeploymentPostprocessing = 0;
		};
/* End PBXSourcesBuildPhase section */

/* Begin PBXVariantGroup section */
		CF0293192705B35700A8C493 /* Main.storyboard */ = {
			isa = PBXVariantGroup;
			children = (
				CF02931A2705B35700A8C493 /* Base */,
			);
			name = Main.storyboard;
			sourceTree = "<group>";
		};
		CF02931E2705B35900A8C493 /* LaunchScreen.storyboard */ = {
			isa = PBXVariantGroup;
			children = (
				CF02931F2705B35900A8C493 /* Base */,
			);
			name = LaunchScreen.storyboard;
			sourceTree = "<group>";
		};
/* End PBXVariantGroup section */

/* Begin XCBuildConfiguration section */
		CF0293222705B35900A8C493 /* Debug */ = {
			isa = XCBuildConfiguration;
			buildSettings = {
				ALWAYS_SEARCH_USER_PATHS = NO;
				CLANG_ANALYZER_NONNULL = YES;
				CLANG_ANALYZER_NUMBER_OBJECT_CONVERSION = YES_AGGRESSIVE;
				CLANG_CXX_LANGUAGE_STANDARD = "gnu++14";
				CLANG_CXX_LIBRARY = "libc++";
				CLANG_ENABLE_MODULES = YES;
				CLANG_ENABLE_OBJC_ARC = YES;
				CLANG_ENABLE_OBJC_WEAK = YES;
				CLANG_WARN_BLOCK_CAPTURE_AUTORELEASING = YES;
				CLANG_WARN_BOOL_CONVERSION = YES;
				CLANG_WARN_COMMA = YES;
				CLANG_WARN_CONSTANT_CONVERSION = YES;
				CLANG_WARN_DEPRECATED_OBJC_IMPLEMENTATIONS = YES;
				CLANG_WARN_DIRECT_OBJC_ISA_USAGE = YES_ERROR;
				CLANG_WARN_DOCUMENTATION_COMMENTS = YES;
				CLANG_WARN_EMPTY_BODY = YES;
				CLANG_WARN_ENUM_CONVERSION = YES;
				CLANG_WARN_INFINITE_RECURSION = YES;
				CLANG_WARN_INT_CONVERSION = YES;
				CLANG_WARN_NON_LITERAL_NULL_CONVERSION = YES;
				CLANG_WARN_OBJC_IMPLICIT_RETAIN_SELF = YES;
				CLANG_WARN_OBJC_LITERAL_CONVERSION = YES;
				CLANG_WARN_OBJC_ROOT_CLASS = YES_ERROR;
				CLANG_WARN_QUOTED_INCLUDE_IN_FRAMEWORK_HEADER = YES;
				CLANG_WARN_RANGE_LOOP_ANALYSIS = YES;
				CLANG_WARN_STRICT_PROTOTYPES = YES;
				CLANG_WARN_SUSPICIOUS_MOVE = YES;
				CLANG_WARN_UNGUARDED_AVAILABILITY = YES_AGGRESSIVE;
				CLANG_WARN_UNREACHABLE_CODE = YES;
				CLANG_WARN__DUPLICATE_METHOD_MATCH = YES;
				COPY_PHASE_STRIP = NO;
				DEBUG_INFORMATION_FORMAT = dwarf;
				ENABLE_STRICT_OBJC_MSGSEND = YES;
				ENABLE_TESTABILITY = YES;
				GCC_C_LANGUAGE_STANDARD = gnu11;
				GCC_DYNAMIC_NO_PIC = NO;
				GCC_NO_COMMON_BLOCKS = YES;
				GCC_OPTIMIZATION_LEVEL = 0;
				GCC_PREPROCESSOR_DEFINITIONS = (
					"DEBUG=1",
					"$(inherited)",
				);
				GCC_WARN_64_TO_32_BIT_CONVERSION = YES;
				GCC_WARN_ABOUT_RETURN_TYPE = YES_ERROR;
				GCC_WARN_UNDECLARED_SELECTOR = YES;
				GCC_WARN_UNINITIALIZED_AUTOS = YES_AGGRESSIVE;
				GCC_WARN_UNUSED_FUNCTION = YES;
				GCC_WARN_UNUSED_VARIABLE = YES;
				IPHONEOS_DEPLOYMENT_TARGET = 14.4;
				MTL_ENABLE_DEBUG_INFO = INCLUDE_SOURCE;
				MTL_FAST_MATH = YES;
				ONLY_ACTIVE_ARCH = YES;
				SDKROOT = iphoneos;
				SWIFT_ACTIVE_COMPILATION_CONDITIONS = DEBUG;
				SWIFT_OPTIMIZATION_LEVEL = "-Onone";
			};
			name = Debug;
		};
		CF0293232705B35900A8C493 /* Release */ = {
			isa = XCBuildConfiguration;
			buildSettings = {
				ALWAYS_SEARCH_USER_PATHS = NO;
				CLANG_ANALYZER_NONNULL = YES;
				CLANG_ANALYZER_NUMBER_OBJECT_CONVERSION = YES_AGGRESSIVE;
				CLANG_CXX_LANGUAGE_STANDARD = "gnu++14";
				CLANG_CXX_LIBRARY = "libc++";
				CLANG_ENABLE_MODULES = YES;
				CLANG_ENABLE_OBJC_ARC = YES;
				CLANG_ENABLE_OBJC_WEAK = YES;
				CLANG_WARN_BLOCK_CAPTURE_AUTORELEASING = YES;
				CLANG_WARN_BOOL_CONVERSION = YES;
				CLANG_WARN_COMMA = YES;
				CLANG_WARN_CONSTANT_CONVERSION = YES;
				CLANG_WARN_DEPRECATED_OBJC_IMPLEMENTATIONS = YES;
				CLANG_WARN_DIRECT_OBJC_ISA_USAGE = YES_ERROR;
				CLANG_WARN_DOCUMENTATION_COMMENTS = YES;
				CLANG_WARN_EMPTY_BODY = YES;
				CLANG_WARN_ENUM_CONVERSION = YES;
				CLANG_WARN_INFINITE_RECURSION = YES;
				CLANG_WARN_INT_CONVERSION = YES;
				CLANG_WARN_NON_LITERAL_NULL_CONVERSION = YES;
				CLANG_WARN_OBJC_IMPLICIT_RETAIN_SELF = YES;
				CLANG_WARN_OBJC_LITERAL_CONVERSION = YES;
				CLANG_WARN_OBJC_ROOT_CLASS = YES_ERROR;
				CLANG_WARN_QUOTED_INCLUDE_IN_FRAMEWORK_HEADER = YES;
				CLANG_WARN_RANGE_LOOP_ANALYSIS = YES;
				CLANG_WARN_STRICT_PROTOTYPES = YES;
				CLANG_WARN_SUSPICIOUS_MOVE = YES;
				CLANG_WARN_UNGUARDED_AVAILABILITY = YES_AGGRESSIVE;
				CLANG_WARN_UNREACHABLE_CODE = YES;
				CLANG_WARN__DUPLICATE_METHOD_MATCH = YES;
				COPY_PHASE_STRIP = NO;
				DEBUG_INFORMATION_FORMAT = "dwarf-with-dsym";
				ENABLE_NS_ASSERTIONS = NO;
				ENABLE_STRICT_OBJC_MSGSEND = YES;
				GCC_C_LANGUAGE_STANDARD = gnu11;
				GCC_NO_COMMON_BLOCKS = YES;
				GCC_WARN_64_TO_32_BIT_CONVERSION = YES;
				GCC_WARN_ABOUT_RETURN_TYPE = YES_ERROR;
				GCC_WARN_UNDECLARED_SELECTOR = YES;
				GCC_WARN_UNINITIALIZED_AUTOS = YES_AGGRESSIVE;
				GCC_WARN_UNUSED_FUNCTION = YES;
				GCC_WARN_UNUSED_VARIABLE = YES;
				IPHONEOS_DEPLOYMENT_TARGET = 14.4;
				MTL_ENABLE_DEBUG_INFO = NO;
				MTL_FAST_MATH = YES;
				SDKROOT = iphoneos;
				SWIFT_COMPILATION_MODE = wholemodule;
				SWIFT_OPTIMIZATION_LEVEL = "-O";
				VALIDATE_PRODUCT = YES;
			};
			name = Release;
		};
		CF0293252705B35900A8C493 /* Debug */ = {
			isa = XCBuildConfiguration;
			buildSettings = {
				ASSETCATALOG_COMPILER_APPICON_NAME = AppIcon;
				ASSETCATALOG_COMPILER_GLOBAL_ACCENT_COLOR_NAME = AccentColor;
				CODE_SIGN_STYLE = Automatic;
				INFOPLIST_FILE = ReviewBooks/Info.plist;
				LD_RUNPATH_SEARCH_PATHS = (
					"$(inherited)",
					"@executable_path/Frameworks",
				);
				PRODUCT_BUNDLE_IDENTIFIER = jp.softbank.i.qq1041889024.ReviewBooks;
				PRODUCT_NAME = "$(TARGET_NAME)";
				SWIFT_VERSION = 5.0;
				TARGETED_DEVICE_FAMILY = "1,2";
			};
			name = Debug;
		};
		CF0293262705B35900A8C493 /* Release */ = {
			isa = XCBuildConfiguration;
			buildSettings = {
				ASSETCATALOG_COMPILER_APPICON_NAME = AppIcon;
				ASSETCATALOG_COMPILER_GLOBAL_ACCENT_COLOR_NAME = AccentColor;
				CODE_SIGN_STYLE = Automatic;
				INFOPLIST_FILE = ReviewBooks/Info.plist;
				LD_RUNPATH_SEARCH_PATHS = (
					"$(inherited)",
					"@executable_path/Frameworks",
				);
				PRODUCT_BUNDLE_IDENTIFIER = jp.softbank.i.qq1041889024.ReviewBooks;
				PRODUCT_NAME = "$(TARGET_NAME)";
				SWIFT_VERSION = 5.0;
				TARGETED_DEVICE_FAMILY = "1,2";
			};
			name = Release;
		};
/* End XCBuildConfiguration section */

/* Begin XCConfigurationList section */
		CF02930B2705B35700A8C493 /* Build configuration list for PBXProject "ReviewBooks" */ = {
			isa = XCConfigurationList;
			buildConfigurations = (
				CF0293222705B35900A8C493 /* Debug */,
				CF0293232705B35900A8C493 /* Release */,
			);
			defaultConfigurationIsVisible = 0;
			defaultConfigurationName = Release;
		};
		CF0293242705B35900A8C493 /* Build configuration list for PBXNativeTarget "ReviewBooks" */ = {
			isa = XCConfigurationList;
			buildConfigurations = (
				CF0293252705B35900A8C493 /* Debug */,
				CF0293262705B35900A8C493 /* Release */,
			);
			defaultConfigurationIsVisible = 0;
			defaultConfigurationName = Release;
		};
/* End XCConfigurationList section */

/* Begin XCRemoteSwiftPackageReference section */
		CF419D16271B35CC00D6478D /* XCRemoteSwiftPackageReference "firebase-ios-sdk" */ = {
			isa = XCRemoteSwiftPackageReference;
			repositoryURL = "https://github.com/firebase/firebase-ios-sdk.git";
			requirement = {
				kind = upToNextMajorVersion;
				minimumVersion = 8.8.1;
			};
		};
/* End XCRemoteSwiftPackageReference section */

/* Begin XCSwiftPackageProductDependency section */
		CF419D17271B35CC00D6478D /* FirebaseAnalytics */ = {
			isa = XCSwiftPackageProductDependency;
			package = CF419D16271B35CC00D6478D /* XCRemoteSwiftPackageReference "firebase-ios-sdk" */;
			productName = FirebaseAnalytics;
		};
/* End XCSwiftPackageProductDependency section */
	};
	rootObject = CF0293082705B35700A8C493 /* Project object */;
}
